
Microsoft Visual Studio Solution File, Format Version 12.00
# Visual Studio Version 16
VisualStudioVersion = 16.0.28606.126
MinimumVisualStudioVersion = 10.0.40219.1
Project("{9A19103F-16F7-4668-BE54-9A1E7A4F7556}") = "PropertyObservation", "phirSOFT.PropertyObservation\PropertyObservation.csproj", "{65A9F175-FE09-4C11-A383-D4CB2EB786B9}"
EndProject
Global
	GlobalSection(SolutionConfigurationPlatforms) = preSolution
		Debug|Any CPU = Debug|Any CPU
		Release|Any CPU = Release|Any CPU
	EndGlobalSection
	GlobalSection(ProjectConfigurationPlatforms) = postSolution
		{65A9F175-FE09-4C11-A383-D4CB2EB786B9}.Debug|Any CPU.ActiveCfg = Debug|Any CPU
		{65A9F175-FE09-4C11-A383-D4CB2EB786B9}.Debug|Any CPU.Build.0 = Debug|Any CPU
		{65A9F175-FE09-4C11-A383-D4CB2EB786B9}.Release|Any CPU.ActiveCfg = Release|Any CPU
		{65A9F175-FE09-4C11-A383-D4CB2EB786B9}.Release|Any CPU.Build.0 = Release|Any CPU
	EndGlobalSection
	GlobalSection(SolutionProperties) = preSolution
		HideSolutionNode = FALSE
	EndGlobalSection
	GlobalSection(ExtensibilityGlobals) = postSolution
		SolutionGuid = {EC1360D6-D510-4815-BB1A-9F399945AE64}
	EndGlobalSection
EndGlobal
